
Microsoft Visual Studio Solution File, Format Version 12.00
# Visual Studio Version 16
VisualStudioVersion = 16.0.28803.156
MinimumVisualStudioVersion = 10.0.40219.1
Project("{FAE04EC0-301F-11D3-BF4B-00C04F79EFBC}") = "HF-Sharp", "HF-Sharp.csproj", "{C85BFA02-2588-47D6-ACEB-22069956FDFE}"
EndProject
Project("{FAE04EC0-301F-11D3-BF4B-00C04F79EFBC}") = "Examples", "Testing\Examples.csproj", "{446D0F42-98AB-4184-8CCD-C829B25205F5}"
EndProject
Global
	GlobalSection(SolutionConfigurationPlatforms) = preSolution
		Debug|Any CPU = Debug|Any CPU
		Release|Any CPU = Release|Any CPU
	EndGlobalSection
	GlobalSection(ProjectConfigurationPlatforms) = postSolution
		{C85BFA02-2588-47D6-ACEB-22069956FDFE}.Debug|Any CPU.ActiveCfg = Debug|Any CPU
		{C85BFA02-2588-47D6-ACEB-22069956FDFE}.Debug|Any CPU.Build.0 = Debug|Any CPU
		{C85BFA02-2588-47D6-ACEB-22069956FDFE}.Release|Any CPU.ActiveCfg = Release|Any CPU
		{C85BFA02-2588-47D6-ACEB-22069956FDFE}.Release|Any CPU.Build.0 = Release|Any CPU
		{446D0F42-98AB-4184-8CCD-C829B25205F5}.Debug|Any CPU.ActiveCfg = Debug|Any CPU
		{446D0F42-98AB-4184-8CCD-C829B25205F5}.Debug|Any CPU.Build.0 = Debug|Any CPU
		{446D0F42-98AB-4184-8CCD-C829B25205F5}.Release|Any CPU.ActiveCfg = Release|Any CPU
		{446D0F42-98AB-4184-8CCD-C829B25205F5}.Release|Any CPU.Build.0 = Release|Any CPU
	EndGlobalSection
	GlobalSection(SolutionProperties) = preSolution
		HideSolutionNode = FALSE
	EndGlobalSection
	GlobalSection(ExtensibilityGlobals) = postSolution
		SolutionGuid = {F8CC29A1-11FF-4BC6-9C30-CF7F912E14F3}
	EndGlobalSection
EndGlobal
